// !$*UTF8*$!
{
	archiveVersion = 1;
	classes = {
	};
	objectVersion = 56;
	objects = {

/* Begin PBXBuildFile section */
		B4024DE72ACF62CA00651B97 /* AppDelegate.swift in Sources */ = {isa = PBXBuildFile; fileRef = B4024DE62ACF62CA00651B97 /* AppDelegate.swift */; };
		B4024DE92ACF62CA00651B97 /* SceneDelegate.swift in Sources */ = {isa = PBXBuildFile; fileRef = B4024DE82ACF62CA00651B97 /* SceneDelegate.swift */; };
		B4024DEE2ACF62CA00651B97 /* Main.storyboard in Resources */ = {isa = PBXBuildFile; fileRef = B4024DEC2ACF62CA00651B97 /* Main.storyboard */; };
		B4024DF02ACF62CB00651B97 /* Assets.xcassets in Resources */ = {isa = PBXBuildFile; fileRef = B4024DEF2ACF62CB00651B97 /* Assets.xcassets */; };
		B4024DF32ACF62CB00651B97 /* LaunchScreen.storyboard in Resources */ = {isa = PBXBuildFile; fileRef = B4024DF12ACF62CB00651B97 /* LaunchScreen.storyboard */; };
		B4024E052ACF642600651B97 /* ViewController.swift in Sources */ = {isa = PBXBuildFile; fileRef = B4024E042ACF642600651B97 /* ViewController.swift */; };
		B4024E072ACF6A2700651B97 /* ListTableTableViewController.swift in Sources */ = {isa = PBXBuildFile; fileRef = B4024E062ACF6A2700651B97 /* ListTableTableViewController.swift */; };
		B4024E092ACF6CDA00651B97 /* AddTaskViewController.swift in Sources */ = {isa = PBXBuildFile; fileRef = B4024E082ACF6CDA00651B97 /* AddTaskViewController.swift */; };
		B4511C0D2B04812300889184 /* SpaceX_Latest.swift in Sources */ = {isa = PBXBuildFile; fileRef = B4511C0C2B04812300889184 /* SpaceX_Latest.swift */; };
		B4511C0F2B0494A000889184 /* spaceXLatestTableViewCell.swift in Sources */ = {isa = PBXBuildFile; fileRef = B4511C0E2B0494A000889184 /* spaceXLatestTableViewCell.swift */; };
		B4B6D0F02AD73E1100C49DC0 /* coreDataStack.swift in Sources */ = {isa = PBXBuildFile; fileRef = B4B6D0EF2AD73E1100C49DC0 /* coreDataStack.swift */; };
		B4B6D0F32AD740B800C49DC0 /* ToDoLists.xcdatamodeld in Sources */ = {isa = PBXBuildFile; fileRef = B4B6D0F12AD740B800C49DC0 /* ToDoLists.xcdatamodeld */; };
		B4B6D0F82AD741FA00C49DC0 /* List+CoreDataClass.swift in Sources */ = {isa = PBXBuildFile; fileRef = B4B6D0F42AD741FA00C49DC0 /* List+CoreDataClass.swift */; };
		B4B6D0F92AD741FA00C49DC0 /* List+CoreDataProperties.swift in Sources */ = {isa = PBXBuildFile; fileRef = B4B6D0F52AD741FA00C49DC0 /* List+CoreDataProperties.swift */; };
		B4B6D0FA2AD741FA00C49DC0 /* TaskItem+CoreDataClass.swift in Sources */ = {isa = PBXBuildFile; fileRef = B4B6D0F62AD741FA00C49DC0 /* TaskItem+CoreDataClass.swift */; };
		B4B6D0FB2AD741FA00C49DC0 /* TaskItem+CoreDataProperties.swift in Sources */ = {isa = PBXBuildFile; fileRef = B4B6D0F72AD741FA00C49DC0 /* TaskItem+CoreDataProperties.swift */; };
		B4DA30232AD7DA3700FA2E67 /* checkBoxTableViewCell.swift in Sources */ = {isa = PBXBuildFile; fileRef = B4DA30222AD7DA3700FA2E67 /* checkBoxTableViewCell.swift */; };
		B4FD64172B0357B1001CABDA /* API.swift in Sources */ = {isa = PBXBuildFile; fileRef = B4FD64162B0357B1001CABDA /* API.swift */; };
/* End PBXBuildFile section */

/* Begin PBXFileReference section */
		B4024DE32ACF62CA00651B97 /* HikingProject.app */ = {isa = PBXFileReference; explicitFileType = wrapper.application; includeInIndex = 0; path = HikingProject.app; sourceTree = BUILT_PRODUCTS_DIR; };
		B4024DE62ACF62CA00651B97 /* AppDelegate.swift */ = {isa = PBXFileReference; lastKnownFileType = sourcecode.swift; path = AppDelegate.swift; sourceTree = "<group>"; };
		B4024DE82ACF62CA00651B97 /* SceneDelegate.swift */ = {isa = PBXFileReference; lastKnownFileType = sourcecode.swift; path = SceneDelegate.swift; sourceTree = "<group>"; };
		B4024DED2ACF62CA00651B97 /* Base */ = {isa = PBXFileReference; lastKnownFileType = file.storyboard; name = Base; path = Base.lproj/Main.storyboard; sourceTree = "<group>"; };
		B4024DEF2ACF62CB00651B97 /* Assets.xcassets */ = {isa = PBXFileReference; lastKnownFileType = folder.assetcatalog; path = Assets.xcassets; sourceTree = "<group>"; };
		B4024DF22ACF62CB00651B97 /* Base */ = {isa = PBXFileReference; lastKnownFileType = file.storyboard; name = Base; path = Base.lproj/LaunchScreen.storyboard; sourceTree = "<group>"; };
		B4024DF42ACF62CB00651B97 /* Info.plist */ = {isa = PBXFileReference; lastKnownFileType = text.plist.xml; path = Info.plist; sourceTree = "<group>"; };
		B4024E042ACF642600651B97 /* ViewController.swift */ = {isa = PBXFileReference; lastKnownFileType = sourcecode.swift; path = ViewController.swift; sourceTree = "<group>"; };
		B4024E062ACF6A2700651B97 /* ListTableTableViewController.swift */ = {isa = PBXFileReference; lastKnownFileType = sourcecode.swift; path = ListTableTableViewController.swift; sourceTree = "<group>"; };
		B4024E082ACF6CDA00651B97 /* AddTaskViewController.swift */ = {isa = PBXFileReference; lastKnownFileType = sourcecode.swift; path = AddTaskViewController.swift; sourceTree = "<group>"; };
		B4511C0C2B04812300889184 /* SpaceX_Latest.swift */ = {isa = PBXFileReference; lastKnownFileType = sourcecode.swift; path = SpaceX_Latest.swift; sourceTree = "<group>"; };
		B4511C0E2B0494A000889184 /* spaceXLatestTableViewCell.swift */ = {isa = PBXFileReference; lastKnownFileType = sourcecode.swift; path = spaceXLatestTableViewCell.swift; sourceTree = "<group>"; };
		B4B6D0EF2AD73E1100C49DC0 /* coreDataStack.swift */ = {isa = PBXFileReference; lastKnownFileType = sourcecode.swift; path = coreDataStack.swift; sourceTree = "<group>"; };
		B4B6D0F22AD740B800C49DC0 /* ToDoLists.xcdatamodel */ = {isa = PBXFileReference; lastKnownFileType = wrapper.xcdatamodel; path = ToDoLists.xcdatamodel; sourceTree = "<group>"; };
		B4B6D0F42AD741FA00C49DC0 /* List+CoreDataClass.swift */ = {isa = PBXFileReference; lastKnownFileType = sourcecode.swift; path = "List+CoreDataClass.swift"; sourceTree = SOURCE_ROOT; };
		B4B6D0F52AD741FA00C49DC0 /* List+CoreDataProperties.swift */ = {isa = PBXFileReference; lastKnownFileType = sourcecode.swift; path = "List+CoreDataProperties.swift"; sourceTree = SOURCE_ROOT; };
		B4B6D0F62AD741FA00C49DC0 /* TaskItem+CoreDataClass.swift */ = {isa = PBXFileReference; lastKnownFileType = sourcecode.swift; path = "TaskItem+CoreDataClass.swift"; sourceTree = SOURCE_ROOT; };
		B4B6D0F72AD741FA00C49DC0 /* TaskItem+CoreDataProperties.swift */ = {isa = PBXFileReference; lastKnownFileType = sourcecode.swift; path = "TaskItem+CoreDataProperties.swift"; sourceTree = SOURCE_ROOT; };
		B4DA30222AD7DA3700FA2E67 /* checkBoxTableViewCell.swift */ = {isa = PBXFileReference; lastKnownFileType = sourcecode.swift; path = checkBoxTableViewCell.swift; sourceTree = "<group>"; };
		B4FD64162B0357B1001CABDA /* API.swift */ = {isa = PBXFileReference; lastKnownFileType = sourcecode.swift; path = API.swift; sourceTree = "<group>"; };
/* End PBXFileReference section */

/* Begin PBXFrameworksBuildPhase section */
		B4024DE02ACF62CA00651B97 /* Frameworks */ = {
			isa = PBXFrameworksBuildPhase;
			buildActionMask = 2147483647;
			files = (
			);
			runOnlyForDeploymentPostprocessing = 0;
		};
/* End PBXFrameworksBuildPhase section */

/* Begin PBXGroup section */
		B4024DDA2ACF62CA00651B97 = {
			isa = PBXGroup;
			children = (
				B4024DE52ACF62CA00651B97 /* HikingProject */,
				B4024DE42ACF62CA00651B97 /* Products */,
			);
			sourceTree = "<group>";
		};
		B4024DE42ACF62CA00651B97 /* Products */ = {
			isa = PBXGroup;
			children = (
				B4024DE32ACF62CA00651B97 /* HikingProject.app */,
			);
			name = Products;
			sourceTree = "<group>";
		};
		B4024DE52ACF62CA00651B97 /* HikingProject */ = {
			isa = PBXGroup;
			children = (
				B4DA30212AD7DA1D00FA2E67 /* cells */,
				B4B6D0EE2AD73DFE00C49DC0 /* coreData */,
				B4B6D0E92AD73D8E00C49DC0 /* models */,
				B4024E022ACF63ED00651B97 /* delegates */,
				B4024E032ACF63F300651B97 /* controllers */,
				B4024DEC2ACF62CA00651B97 /* Main.storyboard */,
				B4024DEF2ACF62CB00651B97 /* Assets.xcassets */,
				B4024DF12ACF62CB00651B97 /* LaunchScreen.storyboard */,
				B4024DF42ACF62CB00651B97 /* Info.plist */,
			);
			path = HikingProject;
			sourceTree = "<group>";
		};
		B4024E022ACF63ED00651B97 /* delegates */ = {
			isa = PBXGroup;
			children = (
				B4024DE62ACF62CA00651B97 /* AppDelegate.swift */,
				B4024DE82ACF62CA00651B97 /* SceneDelegate.swift */,
			);
			path = delegates;
			sourceTree = "<group>";
		};
		B4024E032ACF63F300651B97 /* controllers */ = {
			isa = PBXGroup;
			children = (
				B4B6D0E82AD73D0C00C49DC0 /* checkList */,
				B4024E042ACF642600651B97 /* ViewController.swift */,
				B4024E082ACF6CDA00651B97 /* AddTaskViewController.swift */,
			);
			path = controllers;
			sourceTree = "<group>";
		};
		B4B6D0E82AD73D0C00C49DC0 /* checkList */ = {
			isa = PBXGroup;
			children = (
				B4024E062ACF6A2700651B97 /* ListTableTableViewController.swift */,
			);
			path = checkList;
			sourceTree = "<group>";
		};
		B4B6D0E92AD73D8E00C49DC0 /* models */ = {
			isa = PBXGroup;
			children = (
				B4B6D0F42AD741FA00C49DC0 /* List+CoreDataClass.swift */,
				B4B6D0F52AD741FA00C49DC0 /* List+CoreDataProperties.swift */,
				B4B6D0F62AD741FA00C49DC0 /* TaskItem+CoreDataClass.swift */,
				B4B6D0F72AD741FA00C49DC0 /* TaskItem+CoreDataProperties.swift */,
				B4B6D0F12AD740B800C49DC0 /* ToDoLists.xcdatamodeld */,
				B4FD64162B0357B1001CABDA /* API.swift */,
				B4511C0C2B04812300889184 /* SpaceX_Latest.swift */,
			);
			path = models;
			sourceTree = "<group>";
		};
		B4B6D0EE2AD73DFE00C49DC0 /* coreData */ = {
			isa = PBXGroup;
			children = (
				B4B6D0EF2AD73E1100C49DC0 /* coreDataStack.swift */,
			);
			path = coreData;
			sourceTree = "<group>";
		};
		B4DA30212AD7DA1D00FA2E67 /* cells */ = {
			isa = PBXGroup;
			children = (
				B4DA30222AD7DA3700FA2E67 /* checkBoxTableViewCell.swift */,
				B4511C0E2B0494A000889184 /* spaceXLatestTableViewCell.swift */,
			);
			path = cells;
			sourceTree = "<group>";
		};
/* End PBXGroup section */

/* Begin PBXNativeTarget section */
		B4024DE22ACF62CA00651B97 /* HikingProject */ = {
			isa = PBXNativeTarget;
			buildConfigurationList = B4024DF72ACF62CB00651B97 /* Build configuration list for PBXNativeTarget "HikingProject" */;
			buildPhases = (
				B4024DDF2ACF62CA00651B97 /* Sources */,
				B4024DE02ACF62CA00651B97 /* Frameworks */,
				B4024DE12ACF62CA00651B97 /* Resources */,
			);
			buildRules = (
			);
			dependencies = (
			);
			name = HikingProject;
			productName = HikingProject;
			productReference = B4024DE32ACF62CA00651B97 /* HikingProject.app */;
			productType = "com.apple.product-type.application";
		};
/* End PBXNativeTarget section */

/* Begin PBXProject section */
		B4024DDB2ACF62CA00651B97 /* Project object */ = {
			isa = PBXProject;
			attributes = {
				BuildIndependentTargetsInParallel = 1;
				LastSwiftUpdateCheck = 1430;
				LastUpgradeCheck = 1430;
				TargetAttributes = {
					B4024DE22ACF62CA00651B97 = {
						CreatedOnToolsVersion = 14.3.1;
					};
				};
			};
			buildConfigurationList = B4024DDE2ACF62CA00651B97 /* Build configuration list for PBXProject "HikingProject" */;
			compatibilityVersion = "Xcode 14.0";
			developmentRegion = en;
			hasScannedForEncodings = 0;
			knownRegions = (
				en,
				Base,
			);
			mainGroup = B4024DDA2ACF62CA00651B97;
			productRefGroup = B4024DE42ACF62CA00651B97 /* Products */;
			projectDirPath = "";
			projectRoot = "";
			targets = (
				B4024DE22ACF62CA00651B97 /* HikingProject */,
			);
		};
/* End PBXProject section */

/* Begin PBXResourcesBuildPhase section */
		B4024DE12ACF62CA00651B97 /* Resources */ = {
			isa = PBXResourcesBuildPhase;
			buildActionMask = 2147483647;
			files = (
				B4024DF32ACF62CB00651B97 /* LaunchScreen.storyboard in Resources */,
				B4024DF02ACF62CB00651B97 /* Assets.xcassets in Resources */,
				B4024DEE2ACF62CA00651B97 /* Main.storyboard in Resources */,
			);
			runOnlyForDeploymentPostprocessing = 0;
		};
/* End PBXResourcesBuildPhase section */

/* Begin PBXSourcesBuildPhase section */
		B4024DDF2ACF62CA00651B97 /* Sources */ = {
			isa = PBXSourcesBuildPhase;
			buildActionMask = 2147483647;
			files = (
				B4DA30232AD7DA3700FA2E67 /* checkBoxTableViewCell.swift in Sources */,
				B4B6D0F02AD73E1100C49DC0 /* coreDataStack.swift in Sources */,
				B4B6D0F92AD741FA00C49DC0 /* List+CoreDataProperties.swift in Sources */,
				B4511C0D2B04812300889184 /* SpaceX_Latest.swift in Sources */,
				B4024E052ACF642600651B97 /* ViewController.swift in Sources */,
				B4B6D0FA2AD741FA00C49DC0 /* TaskItem+CoreDataClass.swift in Sources */,
				B4024DE72ACF62CA00651B97 /* AppDelegate.swift in Sources */,
				B4FD64172B0357B1001CABDA /* API.swift in Sources */,
				B4B6D0F32AD740B800C49DC0 /* ToDoLists.xcdatamodeld in Sources */,
				B4024DE92ACF62CA00651B97 /* SceneDelegate.swift in Sources */,
				B4024E072ACF6A2700651B97 /* ListTableTableViewController.swift in Sources */,
				B4B6D0F82AD741FA00C49DC0 /* List+CoreDataClass.swift in Sources */,
				B4024E092ACF6CDA00651B97 /* AddTaskViewController.swift in Sources */,
				B4511C0F2B0494A000889184 /* spaceXLatestTableViewCell.swift in Sources */,
				B4B6D0FB2AD741FA00C49DC0 /* TaskItem+CoreDataProperties.swift in Sources */,
			);
			runOnlyForDeploymentPostprocessing = 0;
		};
/* End PBXSourcesBuildPhase section */

/* Begin PBXVariantGroup section */
		B4024DEC2ACF62CA00651B97 /* Main.storyboard */ = {
			isa = PBXVariantGroup;
			children = (
				B4024DED2ACF62CA00651B97 /* Base */,
			);
			name = Main.storyboard;
			sourceTree = "<group>";
		};
		B4024DF12ACF62CB00651B97 /* LaunchScreen.storyboard */ = {
			isa = PBXVariantGroup;
			children = (
				B4024DF22ACF62CB00651B97 /* Base */,
			);
			name = LaunchScreen.storyboard;
			sourceTree = "<group>";
		};
/* End PBXVariantGroup section */

/* Begin XCBuildConfiguration section */
		B4024DF52ACF62CB00651B97 /* Debug */ = {
			isa = XCBuildConfiguration;
			buildSettings = {
				ALWAYS_SEARCH_USER_PATHS = NO;
				CLANG_ANALYZER_NONNULL = YES;
				CLANG_ANALYZER_NUMBER_OBJECT_CONVERSION = YES_AGGRESSIVE;
				CLANG_CXX_LANGUAGE_STANDARD = "gnu++20";
				CLANG_ENABLE_MODULES = YES;
				CLANG_ENABLE_OBJC_ARC = YES;
				CLANG_ENABLE_OBJC_WEAK = YES;
				CLANG_WARN_BLOCK_CAPTURE_AUTORELEASING = YES;
				CLANG_WARN_BOOL_CONVERSION = YES;
				CLANG_WARN_COMMA = YES;
				CLANG_WARN_CONSTANT_CONVERSION = YES;
				CLANG_WARN_DEPRECATED_OBJC_IMPLEMENTATIONS = YES;
				CLANG_WARN_DIRECT_OBJC_ISA_USAGE = YES_ERROR;
				CLANG_WARN_DOCUMENTATION_COMMENTS = YES;
				CLANG_WARN_EMPTY_BODY = YES;
				CLANG_WARN_ENUM_CONVERSION = YES;
				CLANG_WARN_INFINITE_RECURSION = YES;
				CLANG_WARN_INT_CONVERSION = YES;
				CLANG_WARN_NON_LITERAL_NULL_CONVERSION = YES;
				CLANG_WARN_OBJC_IMPLICIT_RETAIN_SELF = YES;
				CLANG_WARN_OBJC_LITERAL_CONVERSION = YES;
				CLANG_WARN_OBJC_ROOT_CLASS = YES_ERROR;
				CLANG_WARN_QUOTED_INCLUDE_IN_FRAMEWORK_HEADER = YES;
				CLANG_WARN_RANGE_LOOP_ANALYSIS = YES;
				CLANG_WARN_STRICT_PROTOTYPES = YES;
				CLANG_WARN_SUSPICIOUS_MOVE = YES;
				CLANG_WARN_UNGUARDED_AVAILABILITY = YES_AGGRESSIVE;
				CLANG_WARN_UNREACHABLE_CODE = YES;
				CLANG_WARN__DUPLICATE_METHOD_MATCH = YES;
				COPY_PHASE_STRIP = NO;
				DEBUG_INFORMATION_FORMAT = dwarf;
				ENABLE_STRICT_OBJC_MSGSEND = YES;
				ENABLE_TESTABILITY = YES;
				GCC_C_LANGUAGE_STANDARD = gnu11;
				GCC_DYNAMIC_NO_PIC = NO;
				GCC_NO_COMMON_BLOCKS = YES;
				GCC_OPTIMIZATION_LEVEL = 0;
				GCC_PREPROCESSOR_DEFINITIONS = (
					"DEBUG=1",
					"$(inherited)",
				);
				GCC_WARN_64_TO_32_BIT_CONVERSION = YES;
				GCC_WARN_ABOUT_RETURN_TYPE = YES_ERROR;
				GCC_WARN_UNDECLARED_SELECTOR = YES;
				GCC_WARN_UNINITIALIZED_AUTOS = YES_AGGRESSIVE;
				GCC_WARN_UNUSED_FUNCTION = YES;
				GCC_WARN_UNUSED_VARIABLE = YES;
				IPHONEOS_DEPLOYMENT_TARGET = 16.4;
				MTL_ENABLE_DEBUG_INFO = INCLUDE_SOURCE;
				MTL_FAST_MATH = YES;
				ONLY_ACTIVE_ARCH = YES;
				SDKROOT = iphoneos;
				SWIFT_ACTIVE_COMPILATION_CONDITIONS = DEBUG;
				SWIFT_OPTIMIZATION_LEVEL = "-Onone";
			};
			name = Debug;
		};
		B4024DF62ACF62CB00651B97 /* Release */ = {
			isa = XCBuildConfiguration;
			buildSettings = {
				ALWAYS_SEARCH_USER_PATHS = NO;
				CLANG_ANALYZER_NONNULL = YES;
				CLANG_ANALYZER_NUMBER_OBJECT_CONVERSION = YES_AGGRESSIVE;
				CLANG_CXX_LANGUAGE_STANDARD = "gnu++20";
				CLANG_ENABLE_MODULES = YES;
				CLANG_ENABLE_OBJC_ARC = YES;
				CLANG_ENABLE_OBJC_WEAK = YES;
				CLANG_WARN_BLOCK_CAPTURE_AUTORELEASING = YES;
				CLANG_WARN_BOOL_CONVERSION = YES;
				CLANG_WARN_COMMA = YES;
				CLANG_WARN_CONSTANT_CONVERSION = YES;
				CLANG_WARN_DEPRECATED_OBJC_IMPLEMENTATIONS = YES;
				CLANG_WARN_DIRECT_OBJC_ISA_USAGE = YES_ERROR;
				CLANG_WARN_DOCUMENTATION_COMMENTS = YES;
				CLANG_WARN_EMPTY_BODY = YES;
				CLANG_WARN_ENUM_CONVERSION = YES;
				CLANG_WARN_INFINITE_RECURSION = YES;
				CLANG_WARN_INT_CONVERSION = YES;
				CLANG_WARN_NON_LITERAL_NULL_CONVERSION = YES;
				CLANG_WARN_OBJC_IMPLICIT_RETAIN_SELF = YES;
				CLANG_WARN_OBJC_LITERAL_CONVERSION = YES;
				CLANG_WARN_OBJC_ROOT_CLASS = YES_ERROR;
				CLANG_WARN_QUOTED_INCLUDE_IN_FRAMEWORK_HEADER = YES;
				CLANG_WARN_RANGE_LOOP_ANALYSIS = YES;
				CLANG_WARN_STRICT_PROTOTYPES = YES;
				CLANG_WARN_SUSPICIOUS_MOVE = YES;
				CLANG_WARN_UNGUARDED_AVAILABILITY = YES_AGGRESSIVE;
				CLANG_WARN_UNREACHABLE_CODE = YES;
				CLANG_WARN__DUPLICATE_METHOD_MATCH = YES;
				COPY_PHASE_STRIP = NO;
				DEBUG_INFORMATION_FORMAT = "dwarf-with-dsym";
				ENABLE_NS_ASSERTIONS = NO;
				ENABLE_STRICT_OBJC_MSGSEND = YES;
				GCC_C_LANGUAGE_STANDARD = gnu11;
				GCC_NO_COMMON_BLOCKS = YES;
				GCC_WARN_64_TO_32_BIT_CONVERSION = YES;
				GCC_WARN_ABOUT_RETURN_TYPE = YES_ERROR;
				GCC_WARN_UNDECLARED_SELECTOR = YES;
				GCC_WARN_UNINITIALIZED_AUTOS = YES_AGGRESSIVE;
				GCC_WARN_UNUSED_FUNCTION = YES;
				GCC_WARN_UNUSED_VARIABLE = YES;
				IPHONEOS_DEPLOYMENT_TARGET = 16.4;
				MTL_ENABLE_DEBUG_INFO = NO;
				MTL_FAST_MATH = YES;
				SDKROOT = iphoneos;
				SWIFT_COMPILATION_MODE = wholemodule;
				SWIFT_OPTIMIZATION_LEVEL = "-O";
				VALIDATE_PRODUCT = YES;
			};
			name = Release;
		};
		B4024DF82ACF62CB00651B97 /* Debug */ = {
			isa = XCBuildConfiguration;
			buildSettings = {
				ASSETCATALOG_COMPILER_APPICON_NAME = AppIcon;
				ASSETCATALOG_COMPILER_GLOBAL_ACCENT_COLOR_NAME = AccentColor;
				CODE_SIGN_STYLE = Automatic;
				CURRENT_PROJECT_VERSION = 1;
				GENERATE_INFOPLIST_FILE = YES;
				INFOPLIST_FILE = HikingProject/Info.plist;
				INFOPLIST_KEY_UIApplicationSupportsIndirectInputEvents = YES;
				INFOPLIST_KEY_UILaunchStoryboardName = LaunchScreen;
				INFOPLIST_KEY_UIMainStoryboardFile = Main;
				INFOPLIST_KEY_UISupportedInterfaceOrientations_iPad = "UIInterfaceOrientationPortrait UIInterfaceOrientationPortraitUpsideDown UIInterfaceOrientationLandscapeLeft UIInterfaceOrientationLandscapeRight";
				INFOPLIST_KEY_UISupportedInterfaceOrientations_iPhone = "UIInterfaceOrientationPortrait UIInterfaceOrientationLandscapeLeft UIInterfaceOrientationLandscapeRight";
				LD_RUNPATH_SEARCH_PATHS = (
					"$(inherited)",
					"@executable_path/Frameworks",
				);
				MARKETING_VERSION = 1.0;
				PRODUCT_BUNDLE_IDENTIFIER = stclair.HikingProject;
				PRODUCT_NAME = "$(TARGET_NAME)";
				SWIFT_EMIT_LOC_STRINGS = YES;
				SWIFT_VERSION = 5.0;
				TARGETED_DEVICE_FAMILY = "1,2";
			};
			name = Debug;
		};
		B4024DF92ACF62CB00651B97 /* Release */ = {
			isa = XCBuildConfiguration;
			buildSettings = {
				ASSETCATALOG_COMPILER_APPICON_NAME = AppIcon;
				ASSETCATALOG_COMPILER_GLOBAL_ACCENT_COLOR_NAME = AccentColor;
				CODE_SIGN_STYLE = Automatic;
				CURRENT_PROJECT_VERSION = 1;
				GENERATE_INFOPLIST_FILE = YES;
				INFOPLIST_FILE = HikingProject/Info.plist;
				INFOPLIST_KEY_UIApplicationSupportsIndirectInputEvents = YES;
				INFOPLIST_KEY_UILaunchStoryboardName = LaunchScreen;
				INFOPLIST_KEY_UIMainStoryboardFile = Main;
				INFOPLIST_KEY_UISupportedInterfaceOrientations_iPad = "UIInterfaceOrientationPortrait UIInterfaceOrientationPortraitUpsideDown UIInterfaceOrientationLandscapeLeft UIInterfaceOrientationLandscapeRight";
				INFOPLIST_KEY_UISupportedInterfaceOrientations_iPhone = "UIInterfaceOrientationPortrait UIInterfaceOrientationLandscapeLeft UIInterfaceOrientationLandscapeRight";
				LD_RUNPATH_SEARCH_PATHS = (
					"$(inherited)",
					"@executable_path/Frameworks",
				);
				MARKETING_VERSION = 1.0;
				PRODUCT_BUNDLE_IDENTIFIER = stclair.HikingProject;
				PRODUCT_NAME = "$(TARGET_NAME)";
				SWIFT_EMIT_LOC_STRINGS = YES;
				SWIFT_VERSION = 5.0;
				TARGETED_DEVICE_FAMILY = "1,2";
			};
			name = Release;
		};
/* End XCBuildConfiguration section */

/* Begin XCConfigurationList section */
		B4024DDE2ACF62CA00651B97 /* Build configuration list for PBXProject "HikingProject" */ = {
			isa = XCConfigurationList;
			buildConfigurations = (
				B4024DF52ACF62CB00651B97 /* Debug */,
				B4024DF62ACF62CB00651B97 /* Release */,
			);
			defaultConfigurationIsVisible = 0;
			defaultConfigurationName = Release;
		};
		B4024DF72ACF62CB00651B97 /* Build configuration list for PBXNativeTarget "HikingProject" */ = {
			isa = XCConfigurationList;
			buildConfigurations = (
				B4024DF82ACF62CB00651B97 /* Debug */,
				B4024DF92ACF62CB00651B97 /* Release */,
			);
			defaultConfigurationIsVisible = 0;
			defaultConfigurationName = Release;
		};
/* End XCConfigurationList section */

/* Begin XCVersionGroup section */
		B4B6D0F12AD740B800C49DC0 /* ToDoLists.xcdatamodeld */ = {
			isa = XCVersionGroup;
			children = (
				B4B6D0F22AD740B800C49DC0 /* ToDoLists.xcdatamodel */,
			);
			currentVersion = B4B6D0F22AD740B800C49DC0 /* ToDoLists.xcdatamodel */;
			name = ToDoLists.xcdatamodeld;
			path = ../ToDoLists.xcdatamodeld;
			sourceTree = "<group>";
			versionGroupType = wrapper.xcdatamodel;
		};
/* End XCVersionGroup section */
	};
	rootObject = B4024DDB2ACF62CA00651B97 /* Project object */;
}
